
Microsoft Visual Studio Solution File, Format Version 12.00
# Visual Studio Version 16
VisualStudioVersion = 16.0.33529.622
MinimumVisualStudioVersion = 10.0.40219.1
Project("{FAE04EC0-301F-11D3-BF4B-00C04F79EFBC}") = "products system", "products system\products system.csproj", "{D7DEFB59-9C3D-4C1B-B315-33D793D2B836}"
EndProject
Global
	GlobalSection(SolutionConfigurationPlatforms) = preSolution
		Debug|Any CPU = Debug|Any CPU
		Release|Any CPU = Release|Any CPU
	EndGlobalSection
	GlobalSection(ProjectConfigurationPlatforms) = postSolution
		{D7DEFB59-9C3D-4C1B-B315-33D793D2B836}.Debug|Any CPU.ActiveCfg = Debug|Any CPU
		{D7DEFB59-9C3D-4C1B-B315-33D793D2B836}.Debug|Any CPU.Build.0 = Debug|Any CPU
		{D7DEFB59-9C3D-4C1B-B315-33D793D2B836}.Release|Any CPU.ActiveCfg = Release|Any CPU
		{D7DEFB59-9C3D-4C1B-B315-33D793D2B836}.Release|Any CPU.Build.0 = Release|Any CPU
	EndGlobalSection
	GlobalSection(SolutionProperties) = preSolution
		HideSolutionNode = FALSE
	EndGlobalSection
	GlobalSection(ExtensibilityGlobals) = postSolution
		SolutionGuid = {2F5C3E58-5A5F-4E37-B06B-B304C3B1178D}
	EndGlobalSection
EndGlobal
